%{
  "chronos": {:git, "git://github.com/benjamintanweihao/chronos.git", "0c2ed4edf3ae272ffbec5cb785cabf849efd2ac4", []},
  "cowboy": {:hex, :cowboy, "1.0.0", "d0b46a5e5f971c5543eb46f86fe76b9add567d12fb5262a852b8f27c64c0555d", [:make, :rebar], [{:cowlib, "~> 1.0.0", [hex: :cowlib, repo: "hexpm", optional: false]}, {:ranch, "~> 1.0", [hex: :ranch, repo: "hexpm", optional: false]}], "hexpm", "c4c144f5ae9e3a80fa9d46dca798b1595e049bf3b83195310c5fb02b68b71e1f"},
  "cowlib": {:hex, :cowlib, "1.0.1", "175a633c472058bbeb1b238a6409766a48b52b43b7b687ed70f03cf6e854b7d9", [:make], [], "hexpm", "4f6b470c0c4cfc261eeff798b20d8e23a9d88ff595b2b19f4173fb125c23bd53"},
  "decimal": {:hex, :decimal, "1.1.0", "3333732f17a90ff3057d7ab8c65f0930ca2d67e15cca812a91ead5633ed472fe", [:mix], [], "hexpm", "fb980809b716bd7de2390a2c1716be0e53d4486de1866715611b382df9cd6b21"},
  "ecto": {:hex, :ecto, "0.11.2", "33eef6ba6fcab18a6500d209cdc0fa97a5ee3a51a9977a70ba91b7dde660d4a9", [:mix], [{:decimal, "~> 1.0", [hex: :decimal, repo: "hexpm", optional: false]}, {:mariaex, "~> 0.1.0", [hex: :mariaex, repo: "hexpm", optional: true]}, {:poolboy, "~> 1.4", [hex: :poolboy, repo: "hexpm", optional: false]}, {:postgrex, "~> 0.8.0", [hex: :postgrex, repo: "hexpm", optional: true]}], "hexpm", "36c93b7a06940a9cdc02eb5635d637a3e72252ee1074cc23b60b48a1086dc361"},
  "fs": {:hex, :fs, "0.9.2", "ed17036c26c3f70ac49781ed9220a50c36775c6ca2cf8182d123b6566e49ec59", [:rebar], [], "hexpm", "9a00246e8af58cdf465ae7c48fd6fd7ba2e43300413dfcc25447ecd3bf76f0c1"},
  "hackney": {:hex, :hackney, "1.1.0", "e999ef5fbd9d199b00953b26cbcb4396402e8e4fca6d2c48501253d98bd63723", [:make, :rebar], [{:idna, "~> 1.0", [hex: :idna, repo: "hexpm", optional: false]}, {:ssl_verify_hostname, "~> 1.0", [hex: :ssl_verify_hostname, repo: "hexpm", optional: false]}], "hexpm", "c8551072fdc8d5d5faacc5a31050cb943c3a8eb533149798b3ff424ef2d68501"},
  "httpoison": {:hex, :httpoison, "0.6.2", "a1e95f5b00b0a17b5793a288e121e61399864a8779dbbc3aeda7580e0043d2b0", [:mix], [{:hackney, "~> 1.0", [hex: :hackney, repo: "hexpm", optional: false]}], "hexpm", "9d9a2d8f69b3c165db1a611989a14d8e13a66ef15d627fa17bb9acee8344e785"},
  "idna": {:hex, :idna, "1.0.2", "397e3d001c002319da75759b0a81156bf11849c71d565162436d50020cb7265e", [:make], [], "hexpm", "a5d645e307aa4f67efe31682f720b7eaf431ab148b3d6fb66cbaf6314499610f"},
  "octex": {:git, "git://github.com/benjamintanweihao/octex.git", "d0f3c2523922fb494b01d44c610d964bc7641706", []},
  "phoenix": {:hex, :phoenix, "0.13.0", "85464eb936bdbed0fc224b5df2046d9f0f2fe0364db5dd9b8efad2f0a325b586", [:mix], [{:cowboy, "~> 1.0", [hex: :cowboy, repo: "hexpm", optional: true]}, {:plug, ">= 0.12.2 and < 2.0.0", [hex: :plug, repo: "hexpm", optional: false]}, {:poison, "~> 1.3", [hex: :poison, repo: "hexpm", optional: false]}, {:poolboy, "~> 1.5.1 or ~> 1.6", [hex: :poolboy, repo: "hexpm", optional: true]}], "hexpm", "f28b32e757400afe84893c5203fce8775180a18b50c90707790cf22871177e3b"},
  "phoenix_ecto": {:hex, :phoenix_ecto, "0.4.0", "006a5a506470bd0512b2b6100b3d6872f99d700807a0c3f9a64acf039842650f", [:mix], [{:ecto, "~> 0.11", [hex: :ecto, repo: "hexpm", optional: false]}, {:phoenix_html, "~> 1.0", [hex: :phoenix_html, repo: "hexpm", optional: true]}, {:poison, "~> 1.3", [hex: :poison, repo: "hexpm", optional: true]}], "hexpm", "c8c7f4103c9aa735dd9224c88dd4d6fc3ae480f9a4df4dc048110c9c294448df"},
  "phoenix_html": {:hex, :phoenix_html, "1.0.1", "77639043aafb24662d66945a9ba1240de46d4b5dd3e401f46421385a3178e9c9", [:mix], [{:plug, ">= 0.12.2 and < 2.0.0", [hex: :plug, repo: "hexpm", optional: false]}], "hexpm", "2faf2b503329d7beb44a616284cab606001d1b24ffc2a74f8f358a136fa917ef"},
  "phoenix_live_reload": {:hex, :phoenix_live_reload, "0.4.0", "4e6e60ed4d116af599f3a89959e5e4f504fd4e5fe1d7b4989c447f86baf6774e", [:mix], [{:fs, "~> 0.9.1", [hex: :fs, repo: "hexpm", optional: false]}, {:phoenix, "~> 0.13.0", [hex: :phoenix, repo: "hexpm", optional: false]}], "hexpm", "bc7f31675f61416f51c4b640b58fa2f7beb2db799bf5dac858092d0a41eab73d"},
  "plug": {:hex, :plug, "0.12.2", "fe4166112b85095ec516d4f940948309e3eddd68db1570dca57b24a1cf697af9", [:mix], [{:cowboy, "~> 1.0", [hex: :cowboy, repo: "hexpm", optional: true]}], "hexpm", "b26e8c636fc5b83e0b69767fb3cb2c693703b7f8c1eed11091e57f6e7caebc2d"},
  "poison": {:hex, :poison, "1.4.0", "cd5afb9db7f0d19487572fa28185b6d4de647f14235746824e77b3139b79b725", [:mix], [], "hexpm", "b2715aaeb9f549f4e30739d43993e3c1b1053a4ed69d50c660621bdd1eb96606"},
  "poolboy": {:hex, :poolboy, "1.5.1", "6b46163901cfd0a1b43d692657ed9d7e599853b3b21b95ae5ae0a777cf9b6ca8", [:rebar], [], "hexpm", "8f7168911120e13419e086e78d20e4d1a6776f1eee2411ac9f790af10813389f"},
  "postgrex": {:hex, :postgrex, "0.8.1", "ae8bee4fabe7beb837cc753b1fd6fecf3acbe64ec35fbcd551d11dcff1e2b08f", [:mix], [{:decimal, "~> 1.0", [hex: :decimal, repo: "hexpm", optional: false]}], "hexpm", "96af23884b3444967d43c17bb6260f6fa18c20e31a7f0492fdd2003255f4a069"},
  "ranch": {:hex, :ranch, "1.0.0", "e3ac054e4265de77e2d2696dd7e1d6a67b7525aade13ba10c860e7f499a0d433", [:make], [], "hexpm", "29af130acf4a5cae78afa0a924a12e893d9a3c29cf069c1f4aef235560b905bc"},
  "ssl_verify_hostname": {:hex, :ssl_verify_hostname, "1.0.4", "f357b4dd338c062988d4f2aa5e983adafd555c5c74dcf259d221572327dd8086", [:make], [], "hexpm", "ae5793369e84136c482ec8de82b90cb8cb301f451dd1d1349a30e10894ea73f5"},
  "timex": {:hex, :timex, "0.13.4", "4fc9551f79c8300a7bc1d90a09e52f1026e61cdd416cdb10edecfb08e7c6e705", [:mix], [], "hexpm", "3cc2d05345a2affcf6430279299bdf1083350e8b4c118863ac8ff383e3a89d73"},
  "uuid": {:hex, :uuid, "1.0.0", "fa01722ed4a1719c95674b4d03191a9a434713d515c05dc3e9ff4884d7ea80c2", [:mix], [], "hexpm", "ff0a92c21c23935a944a5c5608c1c5af8d629ff5e11593001434d21efcb343b4"},
}
